// !$*UTF8*$!
{
	archiveVersion = 1;
	classes = {
	};
	objectVersion = 46;
	objects = {

/* Begin PBXBuildFile section */
		BB8848221A93BA8A00081DA2 /* AppDelegate.swift in Sources */ = {isa = PBXBuildFile; fileRef = BB8848211A93BA8A00081DA2 /* AppDelegate.swift */; };
		BB8848241A93BA8B00081DA2 /* ViewController.swift in Sources */ = {isa = PBXBuildFile; fileRef = BB8848231A93BA8B00081DA2 /* ViewController.swift */; };
		BB8848271A93BA8B00081DA2 /* Main.storyboard in Resources */ = {isa = PBXBuildFile; fileRef = BB8848251A93BA8B00081DA2 /* Main.storyboard */; };
		BB8848291A93BA8B00081DA2 /* Images.xcassets in Resources */ = {isa = PBXBuildFile; fileRef = BB8848281A93BA8B00081DA2 /* Images.xcassets */; };
		BB88482C1A93BA8B00081DA2 /* LaunchScreen.xib in Resources */ = {isa = PBXBuildFile; fileRef = BB88482A1A93BA8B00081DA2 /* LaunchScreen.xib */; };
		BB8848381A93BA8B00081DA2 /* _9BalloonsTests.swift in Sources */ = {isa = PBXBuildFile; fileRef = BB8848371A93BA8B00081DA2 /* _9BalloonsTests.swift */; };
/* End PBXBuildFile section */

/* Begin PBXContainerItemProxy section */
		BB8848321A93BA8B00081DA2 /* PBXContainerItemProxy */ = {
			isa = PBXContainerItemProxy;
			containerPortal = BB8848141A93BA8A00081DA2 /* Project object */;
			proxyType = 1;
			remoteGlobalIDString = BB88481B1A93BA8A00081DA2;
			remoteInfo = 99Balloons;
		};
/* End PBXContainerItemProxy section */

/* Begin PBXFileReference section */
		BB88481C1A93BA8A00081DA2 /* 99Balloons.app */ = {isa = PBXFileReference; explicitFileType = wrapper.application; includeInIndex = 0; path = 99Balloons.app; sourceTree = BUILT_PRODUCTS_DIR; };
		BB8848201A93BA8A00081DA2 /* Info.plist */ = {isa = PBXFileReference; lastKnownFileType = text.plist.xml; path = Info.plist; sourceTree = "<group>"; };
		BB8848211A93BA8A00081DA2 /* AppDelegate.swift */ = {isa = PBXFileReference; lastKnownFileType = sourcecode.swift; path = AppDelegate.swift; sourceTree = "<group>"; };
		BB8848231A93BA8B00081DA2 /* ViewController.swift */ = {isa = PBXFileReference; lastKnownFileType = sourcecode.swift; path = ViewController.swift; sourceTree = "<group>"; };
		BB8848261A93BA8B00081DA2 /* Base */ = {isa = PBXFileReference; lastKnownFileType = file.storyboard; name = Base; path = Base.lproj/Main.storyboard; sourceTree = "<group>"; };
		BB8848281A93BA8B00081DA2 /* Images.xcassets */ = {isa = PBXFileReference; lastKnownFileType = folder.assetcatalog; path = Images.xcassets; sourceTree = "<group>"; };
		BB88482B1A93BA8B00081DA2 /* Base */ = {isa = PBXFileReference; lastKnownFileType = file.xib; name = Base; path = Base.lproj/LaunchScreen.xib; sourceTree = "<group>"; };
		BB8848311A93BA8B00081DA2 /* 99BalloonsTests.xctest */ = {isa = PBXFileReference; explicitFileType = wrapper.cfbundle; includeInIndex = 0; path = 99BalloonsTests.xctest; sourceTree = BUILT_PRODUCTS_DIR; };
		BB8848361A93BA8B00081DA2 /* Info.plist */ = {isa = PBXFileReference; lastKnownFileType = text.plist.xml; path = Info.plist; sourceTree = "<group>"; };
		BB8848371A93BA8B00081DA2 /* _9BalloonsTests.swift */ = {isa = PBXFileReference; lastKnownFileType = sourcecode.swift; path = _9BalloonsTests.swift; sourceTree = "<group>"; };
/* End PBXFileReference section */

/* Begin PBXFrameworksBuildPhase section */
		BB8848191A93BA8A00081DA2 /* Frameworks */ = {
			isa = PBXFrameworksBuildPhase;
			buildActionMask = 2147483647;
			files = (
			);
			runOnlyForDeploymentPostprocessing = 0;
		};
		BB88482E1A93BA8B00081DA2 /* Frameworks */ = {
			isa = PBXFrameworksBuildPhase;
			buildActionMask = 2147483647;
			files = (
			);
			runOnlyForDeploymentPostprocessing = 0;
		};
/* End PBXFrameworksBuildPhase section */

/* Begin PBXGroup section */
		BB8848131A93BA8A00081DA2 = {
			isa = PBXGroup;
			children = (
				BB88481E1A93BA8A00081DA2 /* 99Balloons */,
				BB8848341A93BA8B00081DA2 /* 99BalloonsTests */,
				BB88481D1A93BA8A00081DA2 /* Products */,
			);
			sourceTree = "<group>";
		};
		BB88481D1A93BA8A00081DA2 /* Products */ = {
			isa = PBXGroup;
			children = (
				BB88481C1A93BA8A00081DA2 /* 99Balloons.app */,
				BB8848311A93BA8B00081DA2 /* 99BalloonsTests.xctest */,
			);
			name = Products;
			sourceTree = "<group>";
		};
		BB88481E1A93BA8A00081DA2 /* 99Balloons */ = {
			isa = PBXGroup;
			children = (
				BB8848211A93BA8A00081DA2 /* AppDelegate.swift */,
				BB8848231A93BA8B00081DA2 /* ViewController.swift */,
				BB8848251A93BA8B00081DA2 /* Main.storyboard */,
				BB8848281A93BA8B00081DA2 /* Images.xcassets */,
				BB88482A1A93BA8B00081DA2 /* LaunchScreen.xib */,
				BB88481F1A93BA8A00081DA2 /* Supporting Files */,
			);
			path = 99Balloons;
			sourceTree = "<group>";
		};
		BB88481F1A93BA8A00081DA2 /* Supporting Files */ = {
			isa = PBXGroup;
			children = (
				BB8848201A93BA8A00081DA2 /* Info.plist */,
			);
			name = "Supporting Files";
			sourceTree = "<group>";
		};
		BB8848341A93BA8B00081DA2 /* 99BalloonsTests */ = {
			isa = PBXGroup;
			children = (
				BB8848371A93BA8B00081DA2 /* _9BalloonsTests.swift */,
				BB8848351A93BA8B00081DA2 /* Supporting Files */,
			);
			path = 99BalloonsTests;
			sourceTree = "<group>";
		};
		BB8848351A93BA8B00081DA2 /* Supporting Files */ = {
			isa = PBXGroup;
			children = (
				BB8848361A93BA8B00081DA2 /* Info.plist */,
			);
			name = "Supporting Files";
			sourceTree = "<group>";
		};
/* End PBXGroup section */

/* Begin PBXNativeTarget section */
		BB88481B1A93BA8A00081DA2 /* 99Balloons */ = {
			isa = PBXNativeTarget;
			buildConfigurationList = BB88483B1A93BA8B00081DA2 /* Build configuration list for PBXNativeTarget "99Balloons" */;
			buildPhases = (
				BB8848181A93BA8A00081DA2 /* Sources */,
				BB8848191A93BA8A00081DA2 /* Frameworks */,
				BB88481A1A93BA8A00081DA2 /* Resources */,
			);
			buildRules = (
			);
			dependencies = (
			);
			name = 99Balloons;
			productName = 99Balloons;
			productReference = BB88481C1A93BA8A00081DA2 /* 99Balloons.app */;
			productType = "com.apple.product-type.application";
		};
		BB8848301A93BA8B00081DA2 /* 99BalloonsTests */ = {
			isa = PBXNativeTarget;
			buildConfigurationList = BB88483E1A93BA8B00081DA2 /* Build configuration list for PBXNativeTarget "99BalloonsTests" */;
			buildPhases = (
				BB88482D1A93BA8B00081DA2 /* Sources */,
				BB88482E1A93BA8B00081DA2 /* Frameworks */,
				BB88482F1A93BA8B00081DA2 /* Resources */,
			);
			buildRules = (
			);
			dependencies = (
				BB8848331A93BA8B00081DA2 /* PBXTargetDependency */,
			);
			name = 99BalloonsTests;
			productName = 99BalloonsTests;
			productReference = BB8848311A93BA8B00081DA2 /* 99BalloonsTests.xctest */;
			productType = "com.apple.product-type.bundle.unit-test";
		};
/* End PBXNativeTarget section */

/* Begin PBXProject section */
		BB8848141A93BA8A00081DA2 /* Project object */ = {
			isa = PBXProject;
			attributes = {
				LastUpgradeCheck = 0610;
				ORGANIZATIONNAME = "GEST Precision";
				TargetAttributes = {
					BB88481B1A93BA8A00081DA2 = {
						CreatedOnToolsVersion = 6.1.1;
					};
					BB8848301A93BA8B00081DA2 = {
						CreatedOnToolsVersion = 6.1.1;
						TestTargetID = BB88481B1A93BA8A00081DA2;
					};
				};
			};
			buildConfigurationList = BB8848171A93BA8A00081DA2 /* Build configuration list for PBXProject "99Balloons" */;
			compatibilityVersion = "Xcode 3.2";
			developmentRegion = English;
			hasScannedForEncodings = 0;
			knownRegions = (
				en,
				Base,
			);
			mainGroup = BB8848131A93BA8A00081DA2;
			productRefGroup = BB88481D1A93BA8A00081DA2 /* Products */;
			projectDirPath = "";
			projectRoot = "";
			targets = (
				BB88481B1A93BA8A00081DA2 /* 99Balloons */,
				BB8848301A93BA8B00081DA2 /* 99BalloonsTests */,
			);
		};
/* End PBXProject section */

/* Begin PBXResourcesBuildPhase section */
		BB88481A1A93BA8A00081DA2 /* Resources */ = {
			isa = PBXResourcesBuildPhase;
			buildActionMask = 2147483647;
			files = (
				BB8848271A93BA8B00081DA2 /* Main.storyboard in Resources */,
				BB88482C1A93BA8B00081DA2 /* LaunchScreen.xib in Resources */,
				BB8848291A93BA8B00081DA2 /* Images.xcassets in Resources */,
			);
			runOnlyForDeploymentPostprocessing = 0;
		};
		BB88482F1A93BA8B00081DA2 /* Resources */ = {
			isa = PBXResourcesBuildPhase;
			buildActionMask = 2147483647;
			files = (
			);
			runOnlyForDeploymentPostprocessing = 0;
		};
/* End PBXResourcesBuildPhase section */

/* Begin PBXSourcesBuildPhase section */
		BB8848181A93BA8A00081DA2 /* Sources */ = {
			isa = PBXSourcesBuildPhase;
			buildActionMask = 2147483647;
			files = (
				BB8848241A93BA8B00081DA2 /* ViewController.swift in Sources */,
				BB8848221A93BA8A00081DA2 /* AppDelegate.swift in Sources */,
			);
			runOnlyForDeploymentPostprocessing = 0;
		};
		BB88482D1A93BA8B00081DA2 /* Sources */ = {
			isa = PBXSourcesBuildPhase;
			buildActionMask = 2147483647;
			files = (
				BB8848381A93BA8B00081DA2 /* _9BalloonsTests.swift in Sources */,
			);
			runOnlyForDeploymentPostprocessing = 0;
		};
/* End PBXSourcesBuildPhase section */

/* Begin PBXTargetDependency section */
		BB8848331A93BA8B00081DA2 /* PBXTargetDependency */ = {
			isa = PBXTargetDependency;
			target = BB88481B1A93BA8A00081DA2 /* 99Balloons */;
			targetProxy = BB8848321A93BA8B00081DA2 /* PBXContainerItemProxy */;
		};
/* End PBXTargetDependency section */

/* Begin PBXVariantGroup section */
		BB8848251A93BA8B00081DA2 /* Main.storyboard */ = {
			isa = PBXVariantGroup;
			children = (
				BB8848261A93BA8B00081DA2 /* Base */,
			);
			name = Main.storyboard;
			sourceTree = "<group>";
		};
		BB88482A1A93BA8B00081DA2 /* LaunchScreen.xib */ = {
			isa = PBXVariantGroup;
			children = (
				BB88482B1A93BA8B00081DA2 /* Base */,
			);
			name = LaunchScreen.xib;
			sourceTree = "<group>";
		};
/* End PBXVariantGroup section */

/* Begin XCBuildConfiguration section */
		BB8848391A93BA8B00081DA2 /* Debug */ = {
			isa = XCBuildConfiguration;
			buildSettings = {
				ALWAYS_SEARCH_USER_PATHS = NO;
				CLANG_CXX_LANGUAGE_STANDARD = "gnu++0x";
				CLANG_CXX_LIBRARY = "libc++";
				CLANG_ENABLE_MODULES = YES;
				CLANG_ENABLE_OBJC_ARC = YES;
				CLANG_WARN_BOOL_CONVERSION = YES;
				CLANG_WARN_CONSTANT_CONVERSION = YES;
				CLANG_WARN_DIRECT_OBJC_ISA_USAGE = YES_ERROR;
				CLANG_WARN_EMPTY_BODY = YES;
				CLANG_WARN_ENUM_CONVERSION = YES;
				CLANG_WARN_INT_CONVERSION = YES;
				CLANG_WARN_OBJC_ROOT_CLASS = YES_ERROR;
				CLANG_WARN_UNREACHABLE_CODE = YES;
				CLANG_WARN__DUPLICATE_METHOD_MATCH = YES;
				"CODE_SIGN_IDENTITY[sdk=iphoneos*]" = "iPhone Developer";
				COPY_PHASE_STRIP = NO;
				ENABLE_STRICT_OBJC_MSGSEND = YES;
				GCC_C_LANGUAGE_STANDARD = gnu99;
				GCC_DYNAMIC_NO_PIC = NO;
				GCC_OPTIMIZATION_LEVEL = 0;
				GCC_PREPROCESSOR_DEFINITIONS = (
					"DEBUG=1",
					"$(inherited)",
				);
				GCC_SYMBOLS_PRIVATE_EXTERN = NO;
				GCC_WARN_64_TO_32_BIT_CONVERSION = YES;
				GCC_WARN_ABOUT_RETURN_TYPE = YES_ERROR;
				GCC_WARN_UNDECLARED_SELECTOR = YES;
				GCC_WARN_UNINITIALIZED_AUTOS = YES_AGGRESSIVE;
				GCC_WARN_UNUSED_FUNCTION = YES;
				GCC_WARN_UNUSED_VARIABLE = YES;
				IPHONEOS_DEPLOYMENT_TARGET = 8.1;
				MTL_ENABLE_DEBUG_INFO = YES;
				ONLY_ACTIVE_ARCH = YES;
				SDKROOT = iphoneos;
				SWIFT_OPTIMIZATION_LEVEL = "-Onone";
				TARGETED_DEVICE_FAMILY = "1,2";
			};
			name = Debug;
		};
		BB88483A1A93BA8B00081DA2 /* Release */ = {
			isa = XCBuildConfiguration;
			buildSettings = {
				ALWAYS_SEARCH_USER_PATHS = NO;
				CLANG_CXX_LANGUAGE_STANDARD = "gnu++0x";
				CLANG_CXX_LIBRARY = "libc++";
				CLANG_ENABLE_MODULES = YES;
				CLANG_ENABLE_OBJC_ARC = YES;
				CLANG_WARN_BOOL_CONVERSION = YES;
				CLANG_WARN_CONSTANT_CONVERSION = YES;
				CLANG_WARN_DIRECT_OBJC_ISA_USAGE = YES_ERROR;
				CLANG_WARN_EMPTY_BODY = YES;
				CLANG_WARN_ENUM_CONVERSION = YES;
				CLANG_WARN_INT_CONVERSION = YES;
				CLANG_WARN_OBJC_ROOT_CLASS = YES_ERROR;
				CLANG_WARN_UNREACHABLE_CODE = YES;
				CLANG_WARN__DUPLICATE_METHOD_MATCH = YES;
				"CODE_SIGN_IDENTITY[sdk=iphoneos*]" = "iPhone Developer";
				COPY_PHASE_STRIP = YES;
				ENABLE_NS_ASSERTIONS = NO;
				ENABLE_STRICT_OBJC_MSGSEND = YES;
				GCC_C_LANGUAGE_STANDARD = gnu99;
				GCC_WARN_64_TO_32_BIT_CONVERSION = YES;
				GCC_WARN_ABOUT_RETURN_TYPE = YES_ERROR;
				GCC_WARN_UNDECLARED_SELECTOR = YES;
				GCC_WARN_UNINITIALIZED_AUTOS = YES_AGGRESSIVE;
				GCC_WARN_UNUSED_FUNCTION = YES;
				GCC_WARN_UNUSED_VARIABLE = YES;
				IPHONEOS_DEPLOYMENT_TARGET = 8.1;
				MTL_ENABLE_DEBUG_INFO = NO;
				SDKROOT = iphoneos;
				TARGETED_DEVICE_FAMILY = "1,2";
				VALIDATE_PRODUCT = YES;
			};
			name = Release;
		};
		BB88483C1A93BA8B00081DA2 /* Debug */ = {
			isa = XCBuildConfiguration;
			buildSettings = {
				ASSETCATALOG_COMPILER_APPICON_NAME = AppIcon;
				INFOPLIST_FILE = 99Balloons/Info.plist;
				LD_RUNPATH_SEARCH_PATHS = "$(inherited) @executable_path/Frameworks";
				PRODUCT_NAME = "$(TARGET_NAME)";
			};
			name = Debug;
		};
		BB88483D1A93BA8B00081DA2 /* Release */ = {
			isa = XCBuildConfiguration;
			buildSettings = {
				ASSETCATALOG_COMPILER_APPICON_NAME = AppIcon;
				INFOPLIST_FILE = 99Balloons/Info.plist;
				LD_RUNPATH_SEARCH_PATHS = "$(inherited) @executable_path/Frameworks";
				PRODUCT_NAME = "$(TARGET_NAME)";
			};
			name = Release;
		};
		BB88483F1A93BA8B00081DA2 /* Debug */ = {
			isa = XCBuildConfiguration;
			buildSettings = {
				BUNDLE_LOADER = "$(TEST_HOST)";
				FRAMEWORK_SEARCH_PATHS = (
					"$(SDKROOT)/Developer/Library/Frameworks",
					"$(inherited)",
				);
				GCC_PREPROCESSOR_DEFINITIONS = (
					"DEBUG=1",
					"$(inherited)",
				);
				INFOPLIST_FILE = 99BalloonsTests/Info.plist;
				LD_RUNPATH_SEARCH_PATHS = "$(inherited) @executable_path/Frameworks @loader_path/Frameworks";
				PRODUCT_NAME = "$(TARGET_NAME)";
				TEST_HOST = "$(BUILT_PRODUCTS_DIR)/99Balloons.app/99Balloons";
			};
			name = Debug;
		};
		BB8848401A93BA8B00081DA2 /* Release */ = {
			isa = XCBuildConfiguration;
			buildSettings = {
				BUNDLE_LOADER = "$(TEST_HOST)";
				FRAMEWORK_SEARCH_PATHS = (
					"$(SDKROOT)/Developer/Library/Frameworks",
					"$(inherited)",
				);
				INFOPLIST_FILE = 99BalloonsTests/Info.plist;
				LD_RUNPATH_SEARCH_PATHS = "$(inherited) @executable_path/Frameworks @loader_path/Frameworks";
				PRODUCT_NAME = "$(TARGET_NAME)";
				TEST_HOST = "$(BUILT_PRODUCTS_DIR)/99Balloons.app/99Balloons";
			};
			name = Release;
		};
/* End XCBuildConfiguration section */

/* Begin XCConfigurationList section */
		BB8848171A93BA8A00081DA2 /* Build configuration list for PBXProject "99Balloons" */ = {
			isa = XCConfigurationList;
			buildConfigurations = (
				BB8848391A93BA8B00081DA2 /* Debug */,
				BB88483A1A93BA8B00081DA2 /* Release */,
			);
			defaultConfigurationIsVisible = 0;
			defaultConfigurationName = Release;
		};
		BB88483B1A93BA8B00081DA2 /* Build configuration list for PBXNativeTarget "99Balloons" */ = {
			isa = XCConfigurationList;
			buildConfigurations = (
				BB88483C1A93BA8B00081DA2 /* Debug */,
				BB88483D1A93BA8B00081DA2 /* Release */,
			);
			defaultConfigurationIsVisible = 0;
		};
		BB88483E1A93BA8B00081DA2 /* Build configuration list for PBXNativeTarget "99BalloonsTests" */ = {
			isa = XCConfigurationList;
			buildConfigurations = (
				BB88483F1A93BA8B00081DA2 /* Debug */,
				BB8848401A93BA8B00081DA2 /* Release */,
			);
			defaultConfigurationIsVisible = 0;
		};
/* End XCConfigurationList section */
	};
	rootObject = BB8848141A93BA8A00081DA2 /* Project object */;
}
